
Microsoft Visual Studio Solution File, Format Version 12.00
# Visual Studio Version 16
VisualStudioVersion = 16.0.31729.503
MinimumVisualStudioVersion = 10.0.40219.1
Project("{FAE04EC0-301F-11D3-BF4B-00C04F79EFBC}") = "kutuphaneotomasyonu", "kutuphaneotomasyonu\kutuphaneotomasyonu.csproj", "{602A43DF-8517-478E-BF8A-C3C577F3B951}"
EndProject
Global
	GlobalSection(SolutionConfigurationPlatforms) = preSolution
		Debug|Any CPU = Debug|Any CPU
		Release|Any CPU = Release|Any CPU
	EndGlobalSection
	GlobalSection(ProjectConfigurationPlatforms) = postSolution
		{602A43DF-8517-478E-BF8A-C3C577F3B951}.Debug|Any CPU.ActiveCfg = Debug|Any CPU
		{602A43DF-8517-478E-BF8A-C3C577F3B951}.Debug|Any CPU.Build.0 = Debug|Any CPU
		{602A43DF-8517-478E-BF8A-C3C577F3B951}.Release|Any CPU.ActiveCfg = Release|Any CPU
		{602A43DF-8517-478E-BF8A-C3C577F3B951}.Release|Any CPU.Build.0 = Release|Any CPU
	EndGlobalSection
	GlobalSection(SolutionProperties) = preSolution
		HideSolutionNode = FALSE
	EndGlobalSection
	GlobalSection(ExtensibilityGlobals) = postSolution
		SolutionGuid = {58595648-CD83-44AC-A637-262312629E12}
	EndGlobalSection
EndGlobal
